{
  "name": "@walterwhite8x/dapp-tea",
  "version": "1.0.0",
  "lockfileVersion": 3,
  "requires": true,
  "packages": {
    "": {
      "name": "@walterwhite8x/dapp-tea",
      "version": "1.0.0",
      "license": "ISC",
      "dependencies": {
        "@trinhthikimlien/tea-web-app": "^1.0.0"
      }
    },
    "node_modules/@tqphuong/tea-xyz-quest": {
      "version": "1.0.0",
      "resolved": "https://registry.npmjs.org/@tqphuong/tea-xyz-quest/-/tea-xyz-quest-1.0.0.tgz",
      "integrity": "sha512-D6bOsiHPBY02QzT1tJDQ8TdNBnkNumKPm2CSABUUdq0rGXzg4tPuhNjgimz7se1BRvJ1JLh6v3npbq8shhOyyQ=="
    },
    "node_modules/@trinhthikimlien/tea-web-app": {
      "version": "1.0.0",
      "resolved": "https://registry.npmjs.org/@trinhthikimlien/tea-web-app/-/tea-web-app-1.0.0.tgz",
      "integrity": "sha512-yjlwVQpZAnc9m+3NBBXyeI+VXJTEI1ScCz3gLq6IPCi0JNvgUSfun93w53BeS9eDcz6xJdObxy5DnfNVDXmYTg==",
      "dependencies": {
        "@tqphuong/tea-xyz-quest": "^1.0.0"
      }
    }
  }
}
